// !$*UTF8*$!
{
	archiveVersion = 1;
	classes = {
	};
	objectVersion = 77;
	objects = {

/* Begin PBXContainerItemProxy section */
		A1AA23F22D59F71A0096E7F4 /* PBXContainerItemProxy */ = {
			isa = PBXContainerItemProxy;
			containerPortal = A1AA23D82D59F7180096E7F4 /* Project object */;
			proxyType = 1;
			remoteGlobalIDString = A1AA23DF2D59F7180096E7F4;
			remoteInfo = NotchHub;
		};
		A1AA23FC2D59F71A0096E7F4 /* PBXContainerItemProxy */ = {
			isa = PBXContainerItemProxy;
			containerPortal = A1AA23D82D59F7180096E7F4 /* Project object */;
			proxyType = 1;
			remoteGlobalIDString = A1AA23DF2D59F7180096E7F4;
			remoteInfo = NotchHub;
		};
/* End PBXContainerItemProxy section */

/* Begin PBXFileReference section */
		A1AA23E02D59F7180096E7F4 /* NotchHub.app */ = {isa = PBXFileReference; explicitFileType = wrapper.application; includeInIndex = 0; path = NotchHub.app; sourceTree = BUILT_PRODUCTS_DIR; };
		A1AA23F12D59F71A0096E7F4 /* NotchHubTests.xctest */ = {isa = PBXFileReference; explicitFileType = wrapper.cfbundle; includeInIndex = 0; path = NotchHubTests.xctest; sourceTree = BUILT_PRODUCTS_DIR; };
		A1AA23FB2D59F71A0096E7F4 /* NotchHubUITests.xctest */ = {isa = PBXFileReference; explicitFileType = wrapper.cfbundle; includeInIndex = 0; path = NotchHubUITests.xctest; sourceTree = BUILT_PRODUCTS_DIR; };
/* End PBXFileReference section */

/* Begin PBXFileSystemSynchronizedRootGroup section */
		A1AA23E22D59F7180096E7F4 /* NotchHub */ = {
			isa = PBXFileSystemSynchronizedRootGroup;
			explicitFileTypes = {
				Info.plist = text.plist.xml;
			};
			path = NotchHub;
			sourceTree = "<group>";
		};
		A1AA23F42D59F71A0096E7F4 /* NotchHubTests */ = {
			isa = PBXFileSystemSynchronizedRootGroup;
			path = NotchHubTests;
			sourceTree = "<group>";
		};
		A1AA23FE2D59F71A0096E7F4 /* NotchHubUITests */ = {
			isa = PBXFileSystemSynchronizedRootGroup;
			path = NotchHubUITests;
			sourceTree = "<group>";
		};
/* End PBXFileSystemSynchronizedRootGroup section */

/* Begin PBXFrameworksBuildPhase section */
		A1AA23DD2D59F7180096E7F4 /* Frameworks */ = {
			isa = PBXFrameworksBuildPhase;
			buildActionMask = 2147483647;
			files = (
			);
			runOnlyForDeploymentPostprocessing = 0;
		};
		A1AA23EE2D59F71A0096E7F4 /* Frameworks */ = {
			isa = PBXFrameworksBuildPhase;
			buildActionMask = 2147483647;
			files = (
			);
			runOnlyForDeploymentPostprocessing = 0;
		};
		A1AA23F82D59F71A0096E7F4 /* Frameworks */ = {
			isa = PBXFrameworksBuildPhase;
			buildActionMask = 2147483647;
			files = (
			);
			runOnlyForDeploymentPostprocessing = 0;
		};
/* End PBXFrameworksBuildPhase section */

/* Begin PBXGroup section */
		A1AA23D72D59F7180096E7F4 = {
			isa = PBXGroup;
			children = (
				A1AA23E22D59F7180096E7F4 /* NotchHub */,
				A1AA23F42D59F71A0096E7F4 /* NotchHubTests */,
				A1AA23FE2D59F71A0096E7F4 /* NotchHubUITests */,
				A1AA23E12D59F7180096E7F4 /* Products */,
			);
			sourceTree = "<group>";
		};
		A1AA23E12D59F7180096E7F4 /* Products */ = {
			isa = PBXGroup;
			children = (
				A1AA23E02D59F7180096E7F4 /* NotchHub.app */,
				A1AA23F12D59F71A0096E7F4 /* NotchHubTests.xctest */,
				A1AA23FB2D59F71A0096E7F4 /* NotchHubUITests.xctest */,
			);
			name = Products;
			sourceTree = "<group>";
		};
/* End PBXGroup section */

/* Begin PBXNativeTarget section */
		A1AA23DF2D59F7180096E7F4 /* NotchHub */ = {
			isa = PBXNativeTarget;
			buildConfigurationList = A1AA24052D59F71A0096E7F4 /* Build configuration list for PBXNativeTarget "NotchHub" */;
			buildPhases = (
				A1AA23DC2D59F7180096E7F4 /* Sources */,
				A1AA23DD2D59F7180096E7F4 /* Frameworks */,
				A1AA23DE2D59F7180096E7F4 /* Resources */,
			);
			buildRules = (
			);
			dependencies = (
			);
			fileSystemSynchronizedGroups = (
				A1AA23E22D59F7180096E7F4 /* NotchHub */,
			);
			name = NotchHub;
			packageProductDependencies = (
			);
			productName = NotchHub;
			productReference = A1AA23E02D59F7180096E7F4 /* NotchHub.app */;
			productType = "com.apple.product-type.application";
		};
		A1AA23F02D59F71A0096E7F4 /* NotchHubTests */ = {
			isa = PBXNativeTarget;
			buildConfigurationList = A1AA24082D59F71A0096E7F4 /* Build configuration list for PBXNativeTarget "NotchHubTests" */;
			buildPhases = (
				A1AA23ED2D59F71A0096E7F4 /* Sources */,
				A1AA23EE2D59F71A0096E7F4 /* Frameworks */,
				A1AA23EF2D59F71A0096E7F4 /* Resources */,
			);
			buildRules = (
			);
			dependencies = (
				A1AA23F32D59F71A0096E7F4 /* PBXTargetDependency */,
			);
			fileSystemSynchronizedGroups = (
				A1AA23F42D59F71A0096E7F4 /* NotchHubTests */,
			);
			name = NotchHubTests;
			packageProductDependencies = (
			);
			productName = NotchHubTests;
			productReference = A1AA23F12D59F71A0096E7F4 /* NotchHubTests.xctest */;
			productType = "com.apple.product-type.bundle.unit-test";
		};
		A1AA23FA2D59F71A0096E7F4 /* NotchHubUITests */ = {
			isa = PBXNativeTarget;
			buildConfigurationList = A1AA240B2D59F71A0096E7F4 /* Build configuration list for PBXNativeTarget "NotchHubUITests" */;
			buildPhases = (
				A1AA23F72D59F71A0096E7F4 /* Sources */,
				A1AA23F82D59F71A0096E7F4 /* Frameworks */,
				A1AA23F92D59F71A0096E7F4 /* Resources */,
			);
			buildRules = (
			);
			dependencies = (
				A1AA23FD2D59F71A0096E7F4 /* PBXTargetDependency */,
			);
			fileSystemSynchronizedGroups = (
				A1AA23FE2D59F71A0096E7F4 /* NotchHubUITests */,
			);
			name = NotchHubUITests;
			packageProductDependencies = (
			);
			productName = NotchHubUITests;
			productReference = A1AA23FB2D59F71A0096E7F4 /* NotchHubUITests.xctest */;
			productType = "com.apple.product-type.bundle.ui-testing";
		};
/* End PBXNativeTarget section */

/* Begin PBXProject section */
		A1AA23D82D59F7180096E7F4 /* Project object */ = {
			isa = PBXProject;
			attributes = {
				BuildIndependentTargetsInParallel = 1;
				LastSwiftUpdateCheck = 1620;
				LastUpgradeCheck = 1620;
				TargetAttributes = {
					A1AA23DF2D59F7180096E7F4 = {
						CreatedOnToolsVersion = 16.2;
					};
					A1AA23F02D59F71A0096E7F4 = {
						CreatedOnToolsVersion = 16.2;
						TestTargetID = A1AA23DF2D59F7180096E7F4;
					};
					A1AA23FA2D59F71A0096E7F4 = {
						CreatedOnToolsVersion = 16.2;
						TestTargetID = A1AA23DF2D59F7180096E7F4;
					};
				};
			};
			buildConfigurationList = A1AA23DB2D59F7180096E7F4 /* Build configuration list for PBXProject "NotchHub" */;
			developmentRegion = en;
			hasScannedForEncodings = 0;
			knownRegions = (
				en,
				Base,
			);
			mainGroup = A1AA23D72D59F7180096E7F4;
			minimizedProjectReferenceProxies = 1;
			preferredProjectObjectVersion = 77;
			productRefGroup = A1AA23E12D59F7180096E7F4 /* Products */;
			projectDirPath = "";
			projectRoot = "";
			targets = (
				A1AA23DF2D59F7180096E7F4 /* NotchHub */,
				A1AA23F02D59F71A0096E7F4 /* NotchHubTests */,
				A1AA23FA2D59F71A0096E7F4 /* NotchHubUITests */,
			);
		};
/* End PBXProject section */

/* Begin PBXResourcesBuildPhase section */
		A1AA23DE2D59F7180096E7F4 /* Resources */ = {
			isa = PBXResourcesBuildPhase;
			buildActionMask = 2147483647;
			files = (
			);
			runOnlyForDeploymentPostprocessing = 0;
		};
		A1AA23EF2D59F71A0096E7F4 /* Resources */ = {
			isa = PBXResourcesBuildPhase;
			buildActionMask = 2147483647;
			files = (
			);
			runOnlyForDeploymentPostprocessing = 0;
		};
		A1AA23F92D59F71A0096E7F4 /* Resources */ = {
			isa = PBXResourcesBuildPhase;
			buildActionMask = 2147483647;
			files = (
			);
			runOnlyForDeploymentPostprocessing = 0;
		};
/* End PBXResourcesBuildPhase section */

/* Begin PBXSourcesBuildPhase section */
		A1AA23DC2D59F7180096E7F4 /* Sources */ = {
			isa = PBXSourcesBuildPhase;
			buildActionMask = 2147483647;
			files = (
			);
			runOnlyForDeploymentPostprocessing = 0;
		};
		A1AA23ED2D59F71A0096E7F4 /* Sources */ = {
			isa = PBXSourcesBuildPhase;
			buildActionMask = 2147483647;
			files = (
			);
			runOnlyForDeploymentPostprocessing = 0;
		};
		A1AA23F72D59F71A0096E7F4 /* Sources */ = {
			isa = PBXSourcesBuildPhase;
			buildActionMask = 2147483647;
			files = (
			);
			runOnlyForDeploymentPostprocessing = 0;
		};
/* End PBXSourcesBuildPhase section */

/* Begin PBXTargetDependency section */
		A1AA23F32D59F71A0096E7F4 /* PBXTargetDependency */ = {
			isa = PBXTargetDependency;
			target = A1AA23DF2D59F7180096E7F4 /* NotchHub */;
			targetProxy = A1AA23F22D59F71A0096E7F4 /* PBXContainerItemProxy */;
		};
		A1AA23FD2D59F71A0096E7F4 /* PBXTargetDependency */ = {
			isa = PBXTargetDependency;
			target = A1AA23DF2D59F7180096E7F4 /* NotchHub */;
			targetProxy = A1AA23FC2D59F71A0096E7F4 /* PBXContainerItemProxy */;
		};
/* End PBXTargetDependency section */

/* Begin XCBuildConfiguration section */
		A1AA24032D59F71A0096E7F4 /* Debug */ = {
			isa = XCBuildConfiguration;
			buildSettings = {
				ALWAYS_SEARCH_USER_PATHS = NO;
				ASSETCATALOG_COMPILER_GENERATE_SWIFT_ASSET_SYMBOL_EXTENSIONS = YES;
				CLANG_ANALYZER_NONNULL = YES;
				CLANG_ANALYZER_NUMBER_OBJECT_CONVERSION = YES_AGGRESSIVE;
				CLANG_CXX_LANGUAGE_STANDARD = "gnu++20";
				CLANG_ENABLE_MODULES = YES;
				CLANG_ENABLE_OBJC_ARC = YES;
				CLANG_ENABLE_OBJC_WEAK = YES;
				CLANG_WARN_BLOCK_CAPTURE_AUTORELEASING = YES;
				CLANG_WARN_BOOL_CONVERSION = YES;
				CLANG_WARN_COMMA = YES;
				CLANG_WARN_CONSTANT_CONVERSION = YES;
				CLANG_WARN_DEPRECATED_OBJC_IMPLEMENTATIONS = YES;
				CLANG_WARN_DIRECT_OBJC_ISA_USAGE = YES_ERROR;
				CLANG_WARN_DOCUMENTATION_COMMENTS = YES;
				CLANG_WARN_EMPTY_BODY = YES;
				CLANG_WARN_ENUM_CONVERSION = YES;
				CLANG_WARN_INFINITE_RECURSION = YES;
				CLANG_WARN_INT_CONVERSION = YES;
				CLANG_WARN_NON_LITERAL_NULL_CONVERSION = YES;
				CLANG_WARN_OBJC_IMPLICIT_RETAIN_SELF = YES;
				CLANG_WARN_OBJC_LITERAL_CONVERSION = YES;
				CLANG_WARN_OBJC_ROOT_CLASS = YES_ERROR;
				CLANG_WARN_QUOTED_INCLUDE_IN_FRAMEWORK_HEADER = YES;
				CLANG_WARN_RANGE_LOOP_ANALYSIS = YES;
				CLANG_WARN_STRICT_PROTOTYPES = YES;
				CLANG_WARN_SUSPICIOUS_MOVE = YES;
				CLANG_WARN_UNGUARDED_AVAILABILITY = YES_AGGRESSIVE;
				CLANG_WARN_UNREACHABLE_CODE = YES;
				CLANG_WARN__DUPLICATE_METHOD_MATCH = YES;
				COPY_PHASE_STRIP = NO;
				DEBUG_INFORMATION_FORMAT = dwarf;
				ENABLE_STRICT_OBJC_MSGSEND = YES;
				ENABLE_TESTABILITY = YES;
				ENABLE_USER_SCRIPT_SANDBOXING = YES;
				GCC_C_LANGUAGE_STANDARD = gnu17;
				GCC_DYNAMIC_NO_PIC = NO;
				GCC_NO_COMMON_BLOCKS = YES;
				GCC_OPTIMIZATION_LEVEL = 0;
				GCC_PREPROCESSOR_DEFINITIONS = (
					"DEBUG=1",
					"$(inherited)",
				);
				GCC_WARN_64_TO_32_BIT_CONVERSION = YES;
				GCC_WARN_ABOUT_RETURN_TYPE = YES_ERROR;
				GCC_WARN_UNDECLARED_SELECTOR = YES;
				GCC_WARN_UNINITIALIZED_AUTOS = YES_AGGRESSIVE;
				GCC_WARN_UNUSED_FUNCTION = YES;
				GCC_WARN_UNUSED_VARIABLE = YES;
				LOCALIZATION_PREFERS_STRING_CATALOGS = YES;
				MACOSX_DEPLOYMENT_TARGET = 15.2;
				MTL_ENABLE_DEBUG_INFO = INCLUDE_SOURCE;
				MTL_FAST_MATH = YES;
				ONLY_ACTIVE_ARCH = YES;
				SDKROOT = macosx;
				SWIFT_ACTIVE_COMPILATION_CONDITIONS = "DEBUG $(inherited)";
				SWIFT_OPTIMIZATION_LEVEL = "-Onone";
			};
			name = Debug;
		};
		A1AA24042D59F71A0096E7F4 /* Release */ = {
			isa = XCBuildConfiguration;
			buildSettings = {
				ALWAYS_SEARCH_USER_PATHS = NO;
				ASSETCATALOG_COMPILER_GENERATE_SWIFT_ASSET_SYMBOL_EXTENSIONS = YES;
				CLANG_ANALYZER_NONNULL = YES;
				CLANG_ANALYZER_NUMBER_OBJECT_CONVERSION = YES_AGGRESSIVE;
				CLANG_CXX_LANGUAGE_STANDARD = "gnu++20";
				CLANG_ENABLE_MODULES = YES;
				CLANG_ENABLE_OBJC_ARC = YES;
				CLANG_ENABLE_OBJC_WEAK = YES;
				CLANG_WARN_BLOCK_CAPTURE_AUTORELEASING = YES;
				CLANG_WARN_BOOL_CONVERSION = YES;
				CLANG_WARN_COMMA = YES;
				CLANG_WARN_CONSTANT_CONVERSION = YES;
				CLANG_WARN_DEPRECATED_OBJC_IMPLEMENTATIONS = YES;
				CLANG_WARN_DIRECT_OBJC_ISA_USAGE = YES_ERROR;
				CLANG_WARN_DOCUMENTATION_COMMENTS = YES;
				CLANG_WARN_EMPTY_BODY = YES;
				CLANG_WARN_ENUM_CONVERSION = YES;
				CLANG_WARN_INFINITE_RECURSION = YES;
				CLANG_WARN_INT_CONVERSION = YES;
				CLANG_WARN_NON_LITERAL_NULL_CONVERSION = YES;
				CLANG_WARN_OBJC_IMPLICIT_RETAIN_SELF = YES;
				CLANG_WARN_OBJC_LITERAL_CONVERSION = YES;
				CLANG_WARN_OBJC_ROOT_CLASS = YES_ERROR;
				CLANG_WARN_QUOTED_INCLUDE_IN_FRAMEWORK_HEADER = YES;
				CLANG_WARN_RANGE_LOOP_ANALYSIS = YES;
				CLANG_WARN_STRICT_PROTOTYPES = YES;
				CLANG_WARN_SUSPICIOUS_MOVE = YES;
				CLANG_WARN_UNGUARDED_AVAILABILITY = YES_AGGRESSIVE;
				CLANG_WARN_UNREACHABLE_CODE = YES;
				CLANG_WARN__DUPLICATE_METHOD_MATCH = YES;
				COPY_PHASE_STRIP = NO;
				DEBUG_INFORMATION_FORMAT = "dwarf-with-dsym";
				ENABLE_NS_ASSERTIONS = NO;
				ENABLE_STRICT_OBJC_MSGSEND = YES;
				ENABLE_USER_SCRIPT_SANDBOXING = YES;
				GCC_C_LANGUAGE_STANDARD = gnu17;
				GCC_NO_COMMON_BLOCKS = YES;
				GCC_WARN_64_TO_32_BIT_CONVERSION = YES;
				GCC_WARN_ABOUT_RETURN_TYPE = YES_ERROR;
				GCC_WARN_UNDECLARED_SELECTOR = YES;
				GCC_WARN_UNINITIALIZED_AUTOS = YES_AGGRESSIVE;
				GCC_WARN_UNUSED_FUNCTION = YES;
				GCC_WARN_UNUSED_VARIABLE = YES;
				LOCALIZATION_PREFERS_STRING_CATALOGS = YES;
				MACOSX_DEPLOYMENT_TARGET = 15.2;
				MTL_ENABLE_DEBUG_INFO = NO;
				MTL_FAST_MATH = YES;
				ONLY_ACTIVE_ARCH = NO;
				SDKROOT = macosx;
				SWIFT_COMPILATION_MODE = wholemodule;
			};
			name = Release;
		};
		A1AA24062D59F71A0096E7F4 /* Debug */ = {
			isa = XCBuildConfiguration;
			buildSettings = {
				ASSETCATALOG_COMPILER_APPICON_NAME = AppIcon;
				ASSETCATALOG_COMPILER_GLOBAL_ACCENT_COLOR_NAME = AccentColor;
				CODE_SIGN_ENTITLEMENTS = NotchHub/NotchHub.entitlements;
				CODE_SIGN_STYLE = Automatic;
				COMBINE_HIDPI_IMAGES = YES;
				CURRENT_PROJECT_VERSION = 1;
				DEVELOPMENT_ASSET_PATHS = "\"NotchHub/Preview Content\"";
				DEVELOPMENT_TEAM = Y8W5W6XB6H;
				ENABLE_HARDENED_RUNTIME = YES;
				ENABLE_PREVIEWS = YES;
				GENERATE_INFOPLIST_FILE = YES;
				INFOPLIST_KEY_CFBundleDisplayName = NotchHub;
				INFOPLIST_KEY_LSApplicationCategoryType = "public.app-category.productivity";
				INFOPLIST_KEY_NSHumanReadableCopyright = "";
				LD_RUNPATH_SEARCH_PATHS = (
					"$(inherited)",
					"@executable_path/../Frameworks",
				);
				MARKETING_VERSION = 1.0;
				PRODUCT_BUNDLE_IDENTIFIER = personal.NotchHub;
				PRODUCT_NAME = "$(TARGET_NAME)";
				SWIFT_EMIT_LOC_STRINGS = YES;
				SWIFT_VERSION = 5.0;
			};
			name = Debug;
		};
		A1AA24072D59F71A0096E7F4 /* Release */ = {
			isa = XCBuildConfiguration;
			buildSettings = {
				ASSETCATALOG_COMPILER_APPICON_NAME = AppIcon;
				ASSETCATALOG_COMPILER_GLOBAL_ACCENT_COLOR_NAME = AccentColor;
				CODE_SIGN_ENTITLEMENTS = NotchHub/NotchHub.entitlements;
				CODE_SIGN_STYLE = Automatic;
				COMBINE_HIDPI_IMAGES = YES;
				CURRENT_PROJECT_VERSION = 1;
				DEVELOPMENT_ASSET_PATHS = "\"NotchHub/Preview Content\"";
				DEVELOPMENT_TEAM = Y8W5W6XB6H;
				ENABLE_HARDENED_RUNTIME = YES;
				ENABLE_PREVIEWS = YES;
				GENERATE_INFOPLIST_FILE = YES;
				INFOPLIST_KEY_CFBundleDisplayName = NotchHub;
				INFOPLIST_KEY_LSApplicationCategoryType = "public.app-category.productivity";
				INFOPLIST_KEY_NSHumanReadableCopyright = "";
				LD_RUNPATH_SEARCH_PATHS = (
					"$(inherited)",
					"@executable_path/../Frameworks",
				);
				MARKETING_VERSION = 1.0;
				PRODUCT_BUNDLE_IDENTIFIER = personal.NotchHub;
				PRODUCT_NAME = "$(TARGET_NAME)";
				SWIFT_EMIT_LOC_STRINGS = YES;
				SWIFT_VERSION = 5.0;
			};
			name = Release;
		};
		A1AA24092D59F71A0096E7F4 /* Debug */ = {
			isa = XCBuildConfiguration;
			buildSettings = {
				BUNDLE_LOADER = "$(TEST_HOST)";
				CODE_SIGN_STYLE = Automatic;
				CURRENT_PROJECT_VERSION = 1;
				DEVELOPMENT_TEAM = Y8W5W6XB6H;
				GENERATE_INFOPLIST_FILE = YES;
				MACOSX_DEPLOYMENT_TARGET = 15.2;
				MARKETING_VERSION = 1.0;
				PRODUCT_BUNDLE_IDENTIFIER = personal.NotchHubTests;
				PRODUCT_NAME = "$(TARGET_NAME)";
				SWIFT_EMIT_LOC_STRINGS = NO;
				SWIFT_VERSION = 5.0;
				TEST_HOST = "$(BUILT_PRODUCTS_DIR)/NotchHub.app/$(BUNDLE_EXECUTABLE_FOLDER_PATH)/NotchHub";
			};
			name = Debug;
		};
		A1AA240A2D59F71A0096E7F4 /* Release */ = {
			isa = XCBuildConfiguration;
			buildSettings = {
				BUNDLE_LOADER = "$(TEST_HOST)";
				CODE_SIGN_STYLE = Automatic;
				CURRENT_PROJECT_VERSION = 1;
				DEVELOPMENT_TEAM = Y8W5W6XB6H;
				GENERATE_INFOPLIST_FILE = YES;
				MACOSX_DEPLOYMENT_TARGET = 15.2;
				MARKETING_VERSION = 1.0;
				PRODUCT_BUNDLE_IDENTIFIER = personal.NotchHubTests;
				PRODUCT_NAME = "$(TARGET_NAME)";
				SWIFT_EMIT_LOC_STRINGS = NO;
				SWIFT_VERSION = 5.0;
				TEST_HOST = "$(BUILT_PRODUCTS_DIR)/NotchHub.app/$(BUNDLE_EXECUTABLE_FOLDER_PATH)/NotchHub";
			};
			name = Release;
		};
		A1AA240C2D59F71A0096E7F4 /* Debug */ = {
			isa = XCBuildConfiguration;
			buildSettings = {
				CODE_SIGN_STYLE = Automatic;
				CURRENT_PROJECT_VERSION = 1;
				DEVELOPMENT_TEAM = Y8W5W6XB6H;
				GENERATE_INFOPLIST_FILE = YES;
				MARKETING_VERSION = 1.0;
				PRODUCT_BUNDLE_IDENTIFIER = personal.NotchHubUITests;
				PRODUCT_NAME = "$(TARGET_NAME)";
				SWIFT_EMIT_LOC_STRINGS = NO;
				SWIFT_VERSION = 5.0;
				TEST_TARGET_NAME = NotchHub;
			};
			name = Debug;
		};
		A1AA240D2D59F71A0096E7F4 /* Release */ = {
			isa = XCBuildConfiguration;
			buildSettings = {
				CODE_SIGN_STYLE = Automatic;
				CURRENT_PROJECT_VERSION = 1;
				DEVELOPMENT_TEAM = Y8W5W6XB6H;
				GENERATE_INFOPLIST_FILE = YES;
				MARKETING_VERSION = 1.0;
				PRODUCT_BUNDLE_IDENTIFIER = personal.NotchHubUITests;
				PRODUCT_NAME = "$(TARGET_NAME)";
				SWIFT_EMIT_LOC_STRINGS = NO;
				SWIFT_VERSION = 5.0;
				TEST_TARGET_NAME = NotchHub;
			};
			name = Release;
		};
/* End XCBuildConfiguration section */

/* Begin XCConfigurationList section */
		A1AA23DB2D59F7180096E7F4 /* Build configuration list for PBXProject "NotchHub" */ = {
			isa = XCConfigurationList;
			buildConfigurations = (
				A1AA24032D59F71A0096E7F4 /* Debug */,
				A1AA24042D59F71A0096E7F4 /* Release */,
			);
			defaultConfigurationIsVisible = 0;
			defaultConfigurationName = Release;
		};
		A1AA24052D59F71A0096E7F4 /* Build configuration list for PBXNativeTarget "NotchHub" */ = {
			isa = XCConfigurationList;
			buildConfigurations = (
				A1AA24062D59F71A0096E7F4 /* Debug */,
				A1AA24072D59F71A0096E7F4 /* Release */,
			);
			defaultConfigurationIsVisible = 0;
			defaultConfigurationName = Release;
		};
		A1AA24082D59F71A0096E7F4 /* Build configuration list for PBXNativeTarget "NotchHubTests" */ = {
			isa = XCConfigurationList;
			buildConfigurations = (
				A1AA24092D59F71A0096E7F4 /* Debug */,
				A1AA240A2D59F71A0096E7F4 /* Release */,
			);
			defaultConfigurationIsVisible = 0;
			defaultConfigurationName = Release;
		};
		A1AA240B2D59F71A0096E7F4 /* Build configuration list for PBXNativeTarget "NotchHubUITests" */ = {
			isa = XCConfigurationList;
			buildConfigurations = (
				A1AA240C2D59F71A0096E7F4 /* Debug */,
				A1AA240D2D59F71A0096E7F4 /* Release */,
			);
			defaultConfigurationIsVisible = 0;
			defaultConfigurationName = Release;
		};
/* End XCConfigurationList section */
	};
	rootObject = A1AA23D82D59F7180096E7F4 /* Project object */;
}
